
Microsoft Visual Studio Solution File, Format Version 12.00
# Visual Studio 2012
Project("{E24C65DC-7377-472B-9ABA-BC803B73C61A}") = "Diminnovation-master", "..\..\..\..\Desktop\Diminnovation-master\", "{746D26C6-1990-4B42-AEA8-DCEE19F8516B}"
	ProjectSection(WebsiteProperties) = preProject
		TargetFrameworkMoniker = ".NETFramework,Version%3Dv4.0"
		Debug.AspNetCompiler.VirtualPath = "/Diminnovation-master"
		Debug.AspNetCompiler.PhysicalPath = "..\..\..\..\Desktop\Diminnovation-master\"
		Debug.AspNetCompiler.TargetPath = "PrecompiledWeb\Diminnovation-master\"
		Debug.AspNetCompiler.Updateable = "true"
		Debug.AspNetCompiler.ForceOverwrite = "true"
		Debug.AspNetCompiler.FixedNames = "false"
		Debug.AspNetCompiler.Debug = "True"
		Release.AspNetCompiler.VirtualPath = "/Diminnovation-master"
		Release.AspNetCompiler.PhysicalPath = "..\..\..\..\Desktop\Diminnovation-master\"
		Release.AspNetCompiler.TargetPath = "PrecompiledWeb\Diminnovation-master\"
		Release.AspNetCompiler.Updateable = "true"
		Release.AspNetCompiler.ForceOverwrite = "true"
		Release.AspNetCompiler.FixedNames = "false"
		Release.AspNetCompiler.Debug = "False"
		VWDPort = "10289"
	EndProjectSection
EndProject
Global
	GlobalSection(SolutionConfigurationPlatforms) = preSolution
		Debug|Any CPU = Debug|Any CPU
	EndGlobalSection
	GlobalSection(ProjectConfigurationPlatforms) = postSolution
		{746D26C6-1990-4B42-AEA8-DCEE19F8516B}.Debug|Any CPU.ActiveCfg = Debug|Any CPU
		{746D26C6-1990-4B42-AEA8-DCEE19F8516B}.Debug|Any CPU.Build.0 = Debug|Any CPU
	EndGlobalSection
	GlobalSection(SolutionProperties) = preSolution
		HideSolutionNode = FALSE
	EndGlobalSection
EndGlobal
